
Microsoft Visual Studio Solution File, Format Version 12.00
# Visual Studio Version 16
VisualStudioVersion = 16.0.30114.105
MinimumVisualStudioVersion = 10.0.40219.1
Project("{FAE04EC0-301F-11D3-BF4B-00C04F79EFBC}") = "Stellarium.Models", "Stellarium.Models\Stellarium.Models.csproj", "{9C3F16E7-6C57-473B-A050-3C0AD5DEB5C6}"
EndProject
Project("{FAE04EC0-301F-11D3-BF4B-00C04F79EFBC}") = "Stellarium.Node", "Stellarium.Node\Stellarium.Node.csproj", "{E76D64AE-7756-4A59-BAA5-C8BD0532AB18}"
EndProject
Global
	GlobalSection(SolutionConfigurationPlatforms) = preSolution
		Debug|Any CPU = Debug|Any CPU
		Debug|x64 = Debug|x64
		Debug|x86 = Debug|x86
		Release|Any CPU = Release|Any CPU
		Release|x64 = Release|x64
		Release|x86 = Release|x86
	EndGlobalSection
	GlobalSection(SolutionProperties) = preSolution
		HideSolutionNode = FALSE
	EndGlobalSection
	GlobalSection(ProjectConfigurationPlatforms) = postSolution
		{9C3F16E7-6C57-473B-A050-3C0AD5DEB5C6}.Debug|Any CPU.ActiveCfg = Debug|Any CPU
		{9C3F16E7-6C57-473B-A050-3C0AD5DEB5C6}.Debug|Any CPU.Build.0 = Debug|Any CPU
		{9C3F16E7-6C57-473B-A050-3C0AD5DEB5C6}.Debug|x64.ActiveCfg = Debug|Any CPU
		{9C3F16E7-6C57-473B-A050-3C0AD5DEB5C6}.Debug|x64.Build.0 = Debug|Any CPU
		{9C3F16E7-6C57-473B-A050-3C0AD5DEB5C6}.Debug|x86.ActiveCfg = Debug|Any CPU
		{9C3F16E7-6C57-473B-A050-3C0AD5DEB5C6}.Debug|x86.Build.0 = Debug|Any CPU
		{9C3F16E7-6C57-473B-A050-3C0AD5DEB5C6}.Release|Any CPU.ActiveCfg = Release|Any CPU
		{9C3F16E7-6C57-473B-A050-3C0AD5DEB5C6}.Release|Any CPU.Build.0 = Release|Any CPU
		{9C3F16E7-6C57-473B-A050-3C0AD5DEB5C6}.Release|x64.ActiveCfg = Release|Any CPU
		{9C3F16E7-6C57-473B-A050-3C0AD5DEB5C6}.Release|x64.Build.0 = Release|Any CPU
		{9C3F16E7-6C57-473B-A050-3C0AD5DEB5C6}.Release|x86.ActiveCfg = Release|Any CPU
		{9C3F16E7-6C57-473B-A050-3C0AD5DEB5C6}.Release|x86.Build.0 = Release|Any CPU
		{E76D64AE-7756-4A59-BAA5-C8BD0532AB18}.Debug|Any CPU.ActiveCfg = Debug|Any CPU
		{E76D64AE-7756-4A59-BAA5-C8BD0532AB18}.Debug|Any CPU.Build.0 = Debug|Any CPU
		{E76D64AE-7756-4A59-BAA5-C8BD0532AB18}.Debug|x64.ActiveCfg = Debug|Any CPU
		{E76D64AE-7756-4A59-BAA5-C8BD0532AB18}.Debug|x64.Build.0 = Debug|Any CPU
		{E76D64AE-7756-4A59-BAA5-C8BD0532AB18}.Debug|x86.ActiveCfg = Debug|Any CPU
		{E76D64AE-7756-4A59-BAA5-C8BD0532AB18}.Debug|x86.Build.0 = Debug|Any CPU
		{E76D64AE-7756-4A59-BAA5-C8BD0532AB18}.Release|Any CPU.ActiveCfg = Release|Any CPU
		{E76D64AE-7756-4A59-BAA5-C8BD0532AB18}.Release|Any CPU.Build.0 = Release|Any CPU
		{E76D64AE-7756-4A59-BAA5-C8BD0532AB18}.Release|x64.ActiveCfg = Release|Any CPU
		{E76D64AE-7756-4A59-BAA5-C8BD0532AB18}.Release|x64.Build.0 = Release|Any CPU
		{E76D64AE-7756-4A59-BAA5-C8BD0532AB18}.Release|x86.ActiveCfg = Release|Any CPU
		{E76D64AE-7756-4A59-BAA5-C8BD0532AB18}.Release|x86.Build.0 = Release|Any CPU
	EndGlobalSection
EndGlobal
